
Microsoft Visual Studio Solution File, Format Version 12.00
# Visual Studio Version 16
VisualStudioVersion = 16.0.29411.108
MinimumVisualStudioVersion = 10.0.40219.1
Project("{FAE04EC0-301F-11D3-BF4B-00C04F79EFBC}") = "ReviewRetriever", "ReviewRetriever\ReviewRetriever.csproj", "{65D1C432-3870-4A7D-9DBA-E2468B9B64CF}"
EndProject
Global
	GlobalSection(SolutionConfigurationPlatforms) = preSolution
		Debug|Any CPU = Debug|Any CPU
		Release|Any CPU = Release|Any CPU
	EndGlobalSection
	GlobalSection(ProjectConfigurationPlatforms) = postSolution
		{65D1C432-3870-4A7D-9DBA-E2468B9B64CF}.Debug|Any CPU.ActiveCfg = Debug|Any CPU
		{65D1C432-3870-4A7D-9DBA-E2468B9B64CF}.Debug|Any CPU.Build.0 = Debug|Any CPU
		{65D1C432-3870-4A7D-9DBA-E2468B9B64CF}.Release|Any CPU.ActiveCfg = Release|Any CPU
		{65D1C432-3870-4A7D-9DBA-E2468B9B64CF}.Release|Any CPU.Build.0 = Release|Any CPU
	EndGlobalSection
	GlobalSection(SolutionProperties) = preSolution
		HideSolutionNode = FALSE
	EndGlobalSection
	GlobalSection(ExtensibilityGlobals) = postSolution
		SolutionGuid = {71E611DA-16EC-4F66-933A-9138732949AE}
	EndGlobalSection
EndGlobal
